
Microsoft Visual Studio Solution File, Format Version 12.00
# Visual Studio 15
Project("{FAE04EC0-301F-11D3-BF4B-00C04F79EFBC}") = "testmove", "Assembly-CSharp.csproj", "{6C4FC443-A9AA-25CC-90E6-B57C99A45427}"
EndProject
Project("{FAE04EC0-301F-11D3-BF4B-00C04F79EFBC}") = "testmove", "Assembly-CSharp-firstpass.csproj", "{A187C3B3-7406-CAFB-CA08-CEF8C159BC15}"
EndProject
Project("{FAE04EC0-301F-11D3-BF4B-00C04F79EFBC}") = "testmove", "Assembly-CSharp-Editor-firstpass.csproj", "{11B47418-AC33-DA1C-13D0-BB9CF68B626A}"
EndProject
Project("{FAE04EC0-301F-11D3-BF4B-00C04F79EFBC}") = "testmove", "Assembly-CSharp-Editor.csproj", "{62BA57A4-C2F1-A48E-53BF-A1A1C3E6C8BD}"
EndProject
Global
	GlobalSection(SolutionConfigurationPlatforms) = preSolution
		Debug|Any CPU = Debug|Any CPU
		Release|Any CPU = Release|Any CPU
	EndGlobalSection
	GlobalSection(ProjectConfigurationPlatforms) = postSolution
		{6C4FC443-A9AA-25CC-90E6-B57C99A45427}.Debug|Any CPU.ActiveCfg = Debug|Any CPU
		{6C4FC443-A9AA-25CC-90E6-B57C99A45427}.Debug|Any CPU.Build.0 = Debug|Any CPU
		{6C4FC443-A9AA-25CC-90E6-B57C99A45427}.Release|Any CPU.ActiveCfg = Release|Any CPU
		{6C4FC443-A9AA-25CC-90E6-B57C99A45427}.Release|Any CPU.Build.0 = Release|Any CPU
		{A187C3B3-7406-CAFB-CA08-CEF8C159BC15}.Debug|Any CPU.ActiveCfg = Debug|Any CPU
		{A187C3B3-7406-CAFB-CA08-CEF8C159BC15}.Debug|Any CPU.Build.0 = Debug|Any CPU
		{A187C3B3-7406-CAFB-CA08-CEF8C159BC15}.Release|Any CPU.ActiveCfg = Release|Any CPU
		{A187C3B3-7406-CAFB-CA08-CEF8C159BC15}.Release|Any CPU.Build.0 = Release|Any CPU
		{11B47418-AC33-DA1C-13D0-BB9CF68B626A}.Debug|Any CPU.ActiveCfg = Debug|Any CPU
		{11B47418-AC33-DA1C-13D0-BB9CF68B626A}.Debug|Any CPU.Build.0 = Debug|Any CPU
		{11B47418-AC33-DA1C-13D0-BB9CF68B626A}.Release|Any CPU.ActiveCfg = Release|Any CPU
		{11B47418-AC33-DA1C-13D0-BB9CF68B626A}.Release|Any CPU.Build.0 = Release|Any CPU
		{62BA57A4-C2F1-A48E-53BF-A1A1C3E6C8BD}.Debug|Any CPU.ActiveCfg = Debug|Any CPU
		{62BA57A4-C2F1-A48E-53BF-A1A1C3E6C8BD}.Debug|Any CPU.Build.0 = Debug|Any CPU
		{62BA57A4-C2F1-A48E-53BF-A1A1C3E6C8BD}.Release|Any CPU.ActiveCfg = Release|Any CPU
		{62BA57A4-C2F1-A48E-53BF-A1A1C3E6C8BD}.Release|Any CPU.Build.0 = Release|Any CPU
	EndGlobalSection
	GlobalSection(SolutionProperties) = preSolution
		HideSolutionNode = FALSE
	EndGlobalSection
EndGlobal
